
Microsoft Visual Studio Solution File, Format Version 12.00
# Visual Studio Version 17
VisualStudioVersion = 17.8.34511.84
MinimumVisualStudioVersion = 10.0.40219.1
Project("{FAE04EC0-301F-11D3-BF4B-00C04F79EFBC}") = "EzhednevnikOOO", "EzhednevnikOOO\EzhednevnikOOO.csproj", "{448699EC-A8DE-438B-A2E7-FCB9E587AD4E}"
EndProject
Global
	GlobalSection(SolutionConfigurationPlatforms) = preSolution
		Debug|Any CPU = Debug|Any CPU
		Release|Any CPU = Release|Any CPU
	EndGlobalSection
	GlobalSection(ProjectConfigurationPlatforms) = postSolution
		{448699EC-A8DE-438B-A2E7-FCB9E587AD4E}.Debug|Any CPU.ActiveCfg = Debug|Any CPU
		{448699EC-A8DE-438B-A2E7-FCB9E587AD4E}.Debug|Any CPU.Build.0 = Debug|Any CPU
		{448699EC-A8DE-438B-A2E7-FCB9E587AD4E}.Release|Any CPU.ActiveCfg = Release|Any CPU
		{448699EC-A8DE-438B-A2E7-FCB9E587AD4E}.Release|Any CPU.Build.0 = Release|Any CPU
	EndGlobalSection
	GlobalSection(SolutionProperties) = preSolution
		HideSolutionNode = FALSE
	EndGlobalSection
	GlobalSection(ExtensibilityGlobals) = postSolution
		SolutionGuid = {3923C14A-56AA-4F72-91CA-4AFE11612DAF}
	EndGlobalSection
EndGlobal
